
Microsoft Visual Studio Solution File, Format Version 12.00
# Visual Studio Version 16
VisualStudioVersion = 16.0.31729.503
MinimumVisualStudioVersion = 10.0.40219.1
Project("{FAE04EC0-301F-11D3-BF4B-00C04F79EFBC}") = "S7", "S7\S7.csproj", "{A7F8F4DD-86CF-4390-8079-427290D28DBC}"
EndProject
Global
	GlobalSection(SolutionConfigurationPlatforms) = preSolution
		Debug|Any CPU = Debug|Any CPU
		Release|Any CPU = Release|Any CPU
	EndGlobalSection
	GlobalSection(ProjectConfigurationPlatforms) = postSolution
		{A7F8F4DD-86CF-4390-8079-427290D28DBC}.Debug|Any CPU.ActiveCfg = Debug|Any CPU
		{A7F8F4DD-86CF-4390-8079-427290D28DBC}.Debug|Any CPU.Build.0 = Debug|Any CPU
		{A7F8F4DD-86CF-4390-8079-427290D28DBC}.Release|Any CPU.ActiveCfg = Release|Any CPU
		{A7F8F4DD-86CF-4390-8079-427290D28DBC}.Release|Any CPU.Build.0 = Release|Any CPU
	EndGlobalSection
	GlobalSection(SolutionProperties) = preSolution
		HideSolutionNode = FALSE
	EndGlobalSection
	GlobalSection(ExtensibilityGlobals) = postSolution
		SolutionGuid = {2F2D2B8B-0DB6-4BE6-BDDC-7A10B181214B}
	EndGlobalSection
EndGlobal
